
Microsoft Visual Studio Solution File, Format Version 12.00
# Visual Studio Version 16
VisualStudioVersion = 16.0.31321.278
MinimumVisualStudioVersion = 10.0.40219.1
Project("{FAE04EC0-301F-11D3-BF4B-00C04F79EFBC}") = "WebApi", "WebApi\WebApi.csproj", "{4C7FDC4C-1255-4882-96DA-643A71402BCE}"
EndProject
Project("{FAE04EC0-301F-11D3-BF4B-00C04F79EFBC}") = "AccesoDatos", "AccesoDatos\AccesoDatos.csproj", "{A7B75CA4-6AA2-4DCE-BE02-F4E06E965F1B}"
EndProject
Global
	GlobalSection(SolutionConfigurationPlatforms) = preSolution
		Debug|Any CPU = Debug|Any CPU
		Release|Any CPU = Release|Any CPU
	EndGlobalSection
	GlobalSection(ProjectConfigurationPlatforms) = postSolution
		{4C7FDC4C-1255-4882-96DA-643A71402BCE}.Debug|Any CPU.ActiveCfg = Debug|Any CPU
		{4C7FDC4C-1255-4882-96DA-643A71402BCE}.Debug|Any CPU.Build.0 = Debug|Any CPU
		{4C7FDC4C-1255-4882-96DA-643A71402BCE}.Release|Any CPU.ActiveCfg = Release|Any CPU
		{4C7FDC4C-1255-4882-96DA-643A71402BCE}.Release|Any CPU.Build.0 = Release|Any CPU
		{A7B75CA4-6AA2-4DCE-BE02-F4E06E965F1B}.Debug|Any CPU.ActiveCfg = Debug|Any CPU
		{A7B75CA4-6AA2-4DCE-BE02-F4E06E965F1B}.Debug|Any CPU.Build.0 = Debug|Any CPU
		{A7B75CA4-6AA2-4DCE-BE02-F4E06E965F1B}.Release|Any CPU.ActiveCfg = Release|Any CPU
		{A7B75CA4-6AA2-4DCE-BE02-F4E06E965F1B}.Release|Any CPU.Build.0 = Release|Any CPU
	EndGlobalSection
	GlobalSection(SolutionProperties) = preSolution
		HideSolutionNode = FALSE
	EndGlobalSection
	GlobalSection(ExtensibilityGlobals) = postSolution
		SolutionGuid = {E0378896-8A59-4D6E-BC49-39F65273B766}
	EndGlobalSection
EndGlobal
